
Microsoft Visual Studio Solution File, Format Version 12.00
# Visual Studio Version 17
VisualStudioVersion = 17.8.34330.188
MinimumVisualStudioVersion = 10.0.40219.1
Project("{9A19103F-16F7-4668-BE54-9A1E7A4F7556}") = "Arbeitsnachweis Helper", "Arbeitsnachweis Helper.csproj", "{D402E623-0D3D-4755-BED0-95075A933797}"
EndProject
Global
	GlobalSection(SolutionConfigurationPlatforms) = preSolution
		Debug|Any CPU = Debug|Any CPU
		Release|Any CPU = Release|Any CPU
	EndGlobalSection
	GlobalSection(ProjectConfigurationPlatforms) = postSolution
		{D402E623-0D3D-4755-BED0-95075A933797}.Debug|Any CPU.ActiveCfg = Debug|Any CPU
		{D402E623-0D3D-4755-BED0-95075A933797}.Debug|Any CPU.Build.0 = Debug|Any CPU
		{D402E623-0D3D-4755-BED0-95075A933797}.Release|Any CPU.ActiveCfg = Release|Any CPU
		{D402E623-0D3D-4755-BED0-95075A933797}.Release|Any CPU.Build.0 = Release|Any CPU
	EndGlobalSection
	GlobalSection(SolutionProperties) = preSolution
		HideSolutionNode = FALSE
	EndGlobalSection
	GlobalSection(ExtensibilityGlobals) = postSolution
		SolutionGuid = {5721DFB4-995A-4177-97C5-4AA5E50D5601}
	EndGlobalSection
EndGlobal
